
Microsoft Visual Studio Solution File, Format Version 12.00
# Visual Studio Version 16
VisualStudioVersion = 16.0.28902.138
MinimumVisualStudioVersion = 10.0.40219.1
Project("{FAE04EC0-301F-11D3-BF4B-00C04F79EFBC}") = "GeoCoding", "GeoCoding\GeoCoding.csproj", "{081BEFF6-09AA-429D-A864-45E1F37CE9B5}"
	ProjectSection(ProjectDependencies) = postProject
		{93455B5B-9516-4946-9C03-9945A029AE62} = {93455B5B-9516-4946-9C03-9945A029AE62}
	EndProjectSection
EndProject
Project("{FAE04EC0-301F-11D3-BF4B-00C04F79EFBC}") = "GeoCoding.FileService", "GeoCoding.FileService\GeoCoding.FileService.csproj", "{88E8217A-88BB-4123-95A1-8323F1F99478}"
EndProject
Project("{FAE04EC0-301F-11D3-BF4B-00C04F79EFBC}") = "GeoCoding.GeoCodingService", "GeoCoding.GeoCodingService\GeoCoding.GeoCodingService.csproj", "{88082673-6130-433C-8FE3-E613182A80E6}"
EndProject
Project("{FAE04EC0-301F-11D3-BF4B-00C04F79EFBC}") = "GeoCoding.Resources", "GeoCoding.Resources\GeoCoding.Resources.csproj", "{FED4D728-E13C-482C-8795-12484E8D377B}"
EndProject
Project("{FAE04EC0-301F-11D3-BF4B-00C04F79EFBC}") = "GeoCoding.BDService", "GeoDecoder.BDService\GeoCoding.BDService.csproj", "{EF2FBC95-76F0-4851-A5AE-3EFA6ACA4CCF}"
EndProject
Project("{FAE04EC0-301F-11D3-BF4B-00C04F79EFBC}") = "GeoCoding.FTPService", "GeoCoding.FTPService\GeoCoding.FTPService.csproj", "{A1E2831A-ADF0-49E0-8120-28EF56C3840A}"
EndProject
Project("{FAE04EC0-301F-11D3-BF4B-00C04F79EFBC}") = "GeoCoding.VerificationService", "GeoDecoder.Verification\GeoCoding.VerificationService.csproj", "{CE899CEE-C4E1-4CE8-A963-1A4EDE572D50}"
EndProject
Project("{FAE04EC0-301F-11D3-BF4B-00C04F79EFBC}") = "GeoCodingLocalBD", "GeoCodingLocalBD\GeoCodingLocalBD.csproj", "{856A02FB-0088-421C-A3C4-F1CA6DA3EF80}"
EndProject
Project("{FAE04EC0-301F-11D3-BF4B-00C04F79EFBC}") = "GeoCoding.GeoCodingLimitsService", "GeoCoding.GeoCodingLimitsService\GeoCoding.GeoCodingLimitsService.csproj", "{24D0C231-5E67-4A9C-B3AD-53F2ECFCA938}"
EndProject
Project("{FAE04EC0-301F-11D3-BF4B-00C04F79EFBC}") = "GeoCoding.Entities", "GeoCoding.Entities\GeoCoding.Entities.csproj", "{8D32D6EB-FE92-4293-BE78-21309E2797E7}"
EndProject
Project("{FAE04EC0-301F-11D3-BF4B-00C04F79EFBC}") = "GeoCoding.Test", "GeoCoding.Test\GeoCoding.Test.csproj", "{DC09E367-CD3D-4A3D-989F-DAFA3944D5B3}"
	ProjectSection(ProjectDependencies) = postProject
		{CE899CEE-C4E1-4CE8-A963-1A4EDE572D50} = {CE899CEE-C4E1-4CE8-A963-1A4EDE572D50}
	EndProjectSection
EndProject
Project("{FAE04EC0-301F-11D3-BF4B-00C04F79EFBC}") = "GeoCoding.MailService", "GeoCoding.MailService\GeoCoding.MailService.csproj", "{93455B5B-9516-4946-9C03-9945A029AE62}"
EndProject
Global
	GlobalSection(SolutionConfigurationPlatforms) = preSolution
		Debug|Any CPU = Debug|Any CPU
		Release|Any CPU = Release|Any CPU
	EndGlobalSection
	GlobalSection(ProjectConfigurationPlatforms) = postSolution
		{081BEFF6-09AA-429D-A864-45E1F37CE9B5}.Debug|Any CPU.ActiveCfg = Debug|Any CPU
		{081BEFF6-09AA-429D-A864-45E1F37CE9B5}.Debug|Any CPU.Build.0 = Debug|Any CPU
		{081BEFF6-09AA-429D-A864-45E1F37CE9B5}.Release|Any CPU.ActiveCfg = Release|Any CPU
		{081BEFF6-09AA-429D-A864-45E1F37CE9B5}.Release|Any CPU.Build.0 = Release|Any CPU
		{88E8217A-88BB-4123-95A1-8323F1F99478}.Debug|Any CPU.ActiveCfg = Debug|Any CPU
		{88E8217A-88BB-4123-95A1-8323F1F99478}.Debug|Any CPU.Build.0 = Debug|Any CPU
		{88E8217A-88BB-4123-95A1-8323F1F99478}.Release|Any CPU.ActiveCfg = Release|Any CPU
		{88E8217A-88BB-4123-95A1-8323F1F99478}.Release|Any CPU.Build.0 = Release|Any CPU
		{88082673-6130-433C-8FE3-E613182A80E6}.Debug|Any CPU.ActiveCfg = Debug|Any CPU
		{88082673-6130-433C-8FE3-E613182A80E6}.Debug|Any CPU.Build.0 = Debug|Any CPU
		{88082673-6130-433C-8FE3-E613182A80E6}.Release|Any CPU.ActiveCfg = Release|Any CPU
		{88082673-6130-433C-8FE3-E613182A80E6}.Release|Any CPU.Build.0 = Release|Any CPU
		{FED4D728-E13C-482C-8795-12484E8D377B}.Debug|Any CPU.ActiveCfg = Debug|Any CPU
		{FED4D728-E13C-482C-8795-12484E8D377B}.Debug|Any CPU.Build.0 = Debug|Any CPU
		{FED4D728-E13C-482C-8795-12484E8D377B}.Release|Any CPU.ActiveCfg = Release|Any CPU
		{FED4D728-E13C-482C-8795-12484E8D377B}.Release|Any CPU.Build.0 = Release|Any CPU
		{EF2FBC95-76F0-4851-A5AE-3EFA6ACA4CCF}.Debug|Any CPU.ActiveCfg = Debug|Any CPU
		{EF2FBC95-76F0-4851-A5AE-3EFA6ACA4CCF}.Debug|Any CPU.Build.0 = Debug|Any CPU
		{EF2FBC95-76F0-4851-A5AE-3EFA6ACA4CCF}.Release|Any CPU.ActiveCfg = Release|Any CPU
		{EF2FBC95-76F0-4851-A5AE-3EFA6ACA4CCF}.Release|Any CPU.Build.0 = Release|Any CPU
		{A1E2831A-ADF0-49E0-8120-28EF56C3840A}.Debug|Any CPU.ActiveCfg = Debug|Any CPU
		{A1E2831A-ADF0-49E0-8120-28EF56C3840A}.Debug|Any CPU.Build.0 = Debug|Any CPU
		{A1E2831A-ADF0-49E0-8120-28EF56C3840A}.Release|Any CPU.ActiveCfg = Release|Any CPU
		{A1E2831A-ADF0-49E0-8120-28EF56C3840A}.Release|Any CPU.Build.0 = Release|Any CPU
		{CE899CEE-C4E1-4CE8-A963-1A4EDE572D50}.Debug|Any CPU.ActiveCfg = Debug|Any CPU
		{CE899CEE-C4E1-4CE8-A963-1A4EDE572D50}.Debug|Any CPU.Build.0 = Debug|Any CPU
		{CE899CEE-C4E1-4CE8-A963-1A4EDE572D50}.Release|Any CPU.ActiveCfg = Release|Any CPU
		{CE899CEE-C4E1-4CE8-A963-1A4EDE572D50}.Release|Any CPU.Build.0 = Release|Any CPU
		{856A02FB-0088-421C-A3C4-F1CA6DA3EF80}.Debug|Any CPU.ActiveCfg = Debug|Any CPU
		{856A02FB-0088-421C-A3C4-F1CA6DA3EF80}.Debug|Any CPU.Build.0 = Debug|Any CPU
		{856A02FB-0088-421C-A3C4-F1CA6DA3EF80}.Release|Any CPU.ActiveCfg = Release|Any CPU
		{856A02FB-0088-421C-A3C4-F1CA6DA3EF80}.Release|Any CPU.Build.0 = Release|Any CPU
		{24D0C231-5E67-4A9C-B3AD-53F2ECFCA938}.Debug|Any CPU.ActiveCfg = Debug|Any CPU
		{24D0C231-5E67-4A9C-B3AD-53F2ECFCA938}.Debug|Any CPU.Build.0 = Debug|Any CPU
		{24D0C231-5E67-4A9C-B3AD-53F2ECFCA938}.Release|Any CPU.ActiveCfg = Release|Any CPU
		{24D0C231-5E67-4A9C-B3AD-53F2ECFCA938}.Release|Any CPU.Build.0 = Release|Any CPU
		{8D32D6EB-FE92-4293-BE78-21309E2797E7}.Debug|Any CPU.ActiveCfg = Debug|Any CPU
		{8D32D6EB-FE92-4293-BE78-21309E2797E7}.Debug|Any CPU.Build.0 = Debug|Any CPU
		{8D32D6EB-FE92-4293-BE78-21309E2797E7}.Release|Any CPU.ActiveCfg = Release|Any CPU
		{8D32D6EB-FE92-4293-BE78-21309E2797E7}.Release|Any CPU.Build.0 = Release|Any CPU
		{DC09E367-CD3D-4A3D-989F-DAFA3944D5B3}.Debug|Any CPU.ActiveCfg = Debug|Any CPU
		{DC09E367-CD3D-4A3D-989F-DAFA3944D5B3}.Debug|Any CPU.Build.0 = Debug|Any CPU
		{DC09E367-CD3D-4A3D-989F-DAFA3944D5B3}.Release|Any CPU.ActiveCfg = Release|Any CPU
		{DC09E367-CD3D-4A3D-989F-DAFA3944D5B3}.Release|Any CPU.Build.0 = Release|Any CPU
		{93455B5B-9516-4946-9C03-9945A029AE62}.Debug|Any CPU.ActiveCfg = Debug|Any CPU
		{93455B5B-9516-4946-9C03-9945A029AE62}.Debug|Any CPU.Build.0 = Debug|Any CPU
		{93455B5B-9516-4946-9C03-9945A029AE62}.Release|Any CPU.ActiveCfg = Release|Any CPU
		{93455B5B-9516-4946-9C03-9945A029AE62}.Release|Any CPU.Build.0 = Release|Any CPU
	EndGlobalSection
	GlobalSection(SolutionProperties) = preSolution
		HideSolutionNode = FALSE
	EndGlobalSection
	GlobalSection(ExtensibilityGlobals) = postSolution
		SolutionGuid = {612F98CA-8700-4A57-BD3F-3228D69D5563}
	EndGlobalSection
	GlobalSection(Performance) = preSolution
		HasPerformanceSessions = true
	EndGlobalSection
EndGlobal
